
Microsoft Visual Studio Solution File, Format Version 12.00
Project("{FAE04EC0-301F-11D3-BF4B-00C04F79EFBC}") = "Price.Net", "Price.Net\Price.Net.csproj", "{19746953-AA38-45FD-8C07-25E10EA29E72}"
EndProject
Project("{FAE04EC0-301F-11D3-BF4B-00C04F79EFBC}") = "Price.Net.Test", "Price.Net.Test\Price.Net.Test.csproj", "{28C57D6A-24DE-4552-B637-54B746D7746D}"
EndProject
Global
	GlobalSection(SolutionConfigurationPlatforms) = preSolution
		Debug|Any CPU = Debug|Any CPU
		Release|Any CPU = Release|Any CPU
	EndGlobalSection
	GlobalSection(ProjectConfigurationPlatforms) = postSolution
		{19746953-AA38-45FD-8C07-25E10EA29E72}.Debug|Any CPU.ActiveCfg = Debug|Any CPU
		{19746953-AA38-45FD-8C07-25E10EA29E72}.Debug|Any CPU.Build.0 = Debug|Any CPU
		{19746953-AA38-45FD-8C07-25E10EA29E72}.Release|Any CPU.ActiveCfg = Release|Any CPU
		{19746953-AA38-45FD-8C07-25E10EA29E72}.Release|Any CPU.Build.0 = Release|Any CPU
		{28C57D6A-24DE-4552-B637-54B746D7746D}.Debug|Any CPU.ActiveCfg = Debug|Any CPU
		{28C57D6A-24DE-4552-B637-54B746D7746D}.Debug|Any CPU.Build.0 = Debug|Any CPU
		{28C57D6A-24DE-4552-B637-54B746D7746D}.Release|Any CPU.ActiveCfg = Release|Any CPU
		{28C57D6A-24DE-4552-B637-54B746D7746D}.Release|Any CPU.Build.0 = Release|Any CPU
	EndGlobalSection
EndGlobal
